NeoBundleLock Zenburn 33e67af2418e4775c2a7abc6e8fef401e697e1eb
NeoBundleLock accelerated-jk 156c5158b72059404f6b8aaf15b59f87dd0aaa88
NeoBundleLock clever-f.vim b54208462b50484e25878e989b111544c97ae1ec
NeoBundleLock ctrlp.vim b5d3fe66a58a13d2ff8b6391f4387608496a030f
NeoBundleLock mrkn256.vim 038b1839405a32e2547289e9d0cdc666d874a6fb
NeoBundleLock neobundle.vim c37a56100afde3ea5b06031735bb5c8e9fc7db3e
NeoBundleLock neosnippet.vim e2c830db87e50e8cdb1128f3096664f68cb05cad
NeoBundleLock nerdtree af85499edace2acca27ce41790ac333f62b689bb
NeoBundleLock syntastic 25ad02e12d1b6715eb0e46e24163476631266525
NeoBundleLock unite-colorscheme 3aa33866a183f7659594a3f6b66b2334eaebc6a0
NeoBundleLock unite.vim 662f83d3789ecf320ddcb04f7023def3a8167802
NeoBundleLock vim-colors-solarized 528a59f26d12278698bb946f8fb82a63711eec21
NeoBundleLock vim-colors-wombat fb44c8db8563946de191b1856e3cfffe0cdb622d
NeoBundleLock vim-fugitive 935a2cccd3065b1322fb2235285d42728600afdf
NeoBundleLock vim-indent-guides 4895e860258cd24c975255ef459af4b956107557
NeoBundleLock vim-over 42f664ebd09fa0c3a635a85fb333cba6e824f0f8
NeoBundleLock vim-pyte a1071f30656b26645b69f59e1e05257829a39620
NeoBundleLock vim-snippets 8be99daa68442be0953800f1cda1d82cd63ffcd0
